
Microsoft Visual Studio Solution File, Format Version 12.00
# Visual Studio Version 17
VisualStudioVersion = 17.1.32414.318
MinimumVisualStudioVersion = 10.0.40219.1
Project("{FAE04EC0-301F-11D3-BF4B-00C04F79EFBC}") = "EmployeePayroll_RestAPI", "EmployeePayroll_RestAPI\EmployeePayroll_RestAPI.csproj", "{3FC8C108-72FC-4394-9D7D-77AAA00F7D42}"
EndProject
Project("{FAE04EC0-301F-11D3-BF4B-00C04F79EFBC}") = "EmployeePayroll_RestAPITest", "EmployeePayroll_RestAPITest\EmployeePayroll_RestAPITest.csproj", "{A6B3FB66-64C1-48A0-9006-1CE6408BA5B3}"
EndProject
Global
	GlobalSection(SolutionConfigurationPlatforms) = preSolution
		Debug|Any CPU = Debug|Any CPU
		Release|Any CPU = Release|Any CPU
	EndGlobalSection
	GlobalSection(ProjectConfigurationPlatforms) = postSolution
		{3FC8C108-72FC-4394-9D7D-77AAA00F7D42}.Debug|Any CPU.ActiveCfg = Debug|Any CPU
		{3FC8C108-72FC-4394-9D7D-77AAA00F7D42}.Debug|Any CPU.Build.0 = Debug|Any CPU
		{3FC8C108-72FC-4394-9D7D-77AAA00F7D42}.Release|Any CPU.ActiveCfg = Release|Any CPU
		{3FC8C108-72FC-4394-9D7D-77AAA00F7D42}.Release|Any CPU.Build.0 = Release|Any CPU
		{A6B3FB66-64C1-48A0-9006-1CE6408BA5B3}.Debug|Any CPU.ActiveCfg = Debug|Any CPU
		{A6B3FB66-64C1-48A0-9006-1CE6408BA5B3}.Debug|Any CPU.Build.0 = Debug|Any CPU
		{A6B3FB66-64C1-48A0-9006-1CE6408BA5B3}.Release|Any CPU.ActiveCfg = Release|Any CPU
		{A6B3FB66-64C1-48A0-9006-1CE6408BA5B3}.Release|Any CPU.Build.0 = Release|Any CPU
	EndGlobalSection
	GlobalSection(SolutionProperties) = preSolution
		HideSolutionNode = FALSE
	EndGlobalSection
	GlobalSection(ExtensibilityGlobals) = postSolution
		SolutionGuid = {C44122FB-D1AF-4913-A616-D4613195BDE6}
	EndGlobalSection
EndGlobal
